
Microsoft Visual Studio Solution File, Format Version 12.00
# Visual Studio Version 16
VisualStudioVersion = 16.0.30804.86
MinimumVisualStudioVersion = 10.0.40219.1
Project("{FAE04EC0-301F-11D3-BF4B-00C04F79EFBC}") = "SamplesNUnit", "SamplesNUnit\SamplesNUnit.csproj", "{B92B93A9-F5C8-4FE4-8E66-DBDEDC0203A8}"
EndProject
Project("{FAE04EC0-301F-11D3-BF4B-00C04F79EFBC}") = "SamplesNunit.UnderTest", "SamplesNunit.UnderTest\SamplesNunit.UnderTest.csproj", "{0374176E-04C2-407B-88BD-C87ACAF491C0}"
EndProject
Global
	GlobalSection(SolutionConfigurationPlatforms) = preSolution
		Debug|Any CPU = Debug|Any CPU
		Release|Any CPU = Release|Any CPU
	EndGlobalSection
	GlobalSection(ProjectConfigurationPlatforms) = postSolution
		{B92B93A9-F5C8-4FE4-8E66-DBDEDC0203A8}.Debug|Any CPU.ActiveCfg = Debug|Any CPU
		{B92B93A9-F5C8-4FE4-8E66-DBDEDC0203A8}.Debug|Any CPU.Build.0 = Debug|Any CPU
		{B92B93A9-F5C8-4FE4-8E66-DBDEDC0203A8}.Release|Any CPU.ActiveCfg = Release|Any CPU
		{B92B93A9-F5C8-4FE4-8E66-DBDEDC0203A8}.Release|Any CPU.Build.0 = Release|Any CPU
		{0374176E-04C2-407B-88BD-C87ACAF491C0}.Debug|Any CPU.ActiveCfg = Debug|Any CPU
		{0374176E-04C2-407B-88BD-C87ACAF491C0}.Debug|Any CPU.Build.0 = Debug|Any CPU
		{0374176E-04C2-407B-88BD-C87ACAF491C0}.Release|Any CPU.ActiveCfg = Release|Any CPU
		{0374176E-04C2-407B-88BD-C87ACAF491C0}.Release|Any CPU.Build.0 = Release|Any CPU
	EndGlobalSection
	GlobalSection(SolutionProperties) = preSolution
		HideSolutionNode = FALSE
	EndGlobalSection
	GlobalSection(ExtensibilityGlobals) = postSolution
		SolutionGuid = {0821B8E7-5810-4FE2-9D02-56447D61CB48}
	EndGlobalSection
EndGlobal
